
Microsoft Visual Studio Solution File, Format Version 12.00
# Visual Studio Version 17
VisualStudioVersion = 17.13.35825.156 d17.13
MinimumVisualStudioVersion = 10.0.40219.1
Project("{FAE04EC0-301F-11D3-BF4B-00C04F79EFBC}") = "MarketOtomasyon", "MarketOtomasyon\MarketOtomasyon.csproj", "{FFEFE635-EFC7-40F9-A7FC-9D0ADD133683}"
EndProject
Global
	GlobalSection(SolutionConfigurationPlatforms) = preSolution
		Debug|Any CPU = Debug|Any CPU
		Release|Any CPU = Release|Any CPU
	EndGlobalSection
	GlobalSection(ProjectConfigurationPlatforms) = postSolution
		{FFEFE635-EFC7-40F9-A7FC-9D0ADD133683}.Debug|Any CPU.ActiveCfg = Debug|Any CPU
		{FFEFE635-EFC7-40F9-A7FC-9D0ADD133683}.Debug|Any CPU.Build.0 = Debug|Any CPU
		{FFEFE635-EFC7-40F9-A7FC-9D0ADD133683}.Release|Any CPU.ActiveCfg = Release|Any CPU
		{FFEFE635-EFC7-40F9-A7FC-9D0ADD133683}.Release|Any CPU.Build.0 = Release|Any CPU
	EndGlobalSection
	GlobalSection(SolutionProperties) = preSolution
		HideSolutionNode = FALSE
	EndGlobalSection
	GlobalSection(ExtensibilityGlobals) = postSolution
		SolutionGuid = {59A13BC8-8BD9-4732-891A-46327F553943}
	EndGlobalSection
EndGlobal
